// !$*UTF8*$!
{
	archiveVersion = 1;
	classes = {
	};
	objectVersion = 50;
	objects = {

/* Begin PBXBuildFile section */
		497107FE24C6C5E10081A436 /* UIImageView + Extension.swift in Sources */ = {isa = PBXBuildFile; fileRef = 497107FD24C6C5E10081A436 /* UIImageView + Extension.swift */; };
		4971080024C6D7F10081A436 /* SearchResults.swift in Sources */ = {isa = PBXBuildFile; fileRef = 497107FF24C6D7F10081A436 /* SearchResults.swift */; };
		4971080624C6E7150081A436 /* MainViewModel.swift in Sources */ = {isa = PBXBuildFile; fileRef = 4971080524C6E7150081A436 /* MainViewModel.swift */; };
		49C0014724C712CF00E2F4C4 /* FullScreenImageView.swift in Sources */ = {isa = PBXBuildFile; fileRef = 49C0014624C712CF00E2F4C4 /* FullScreenImageView.swift */; };
		49CD3B6C24C5F34E00AC9874 /* AppDelegate.swift in Sources */ = {isa = PBXBuildFile; fileRef = 49CD3B6B24C5F34E00AC9874 /* AppDelegate.swift */; };
		49CD3B6E24C5F34E00AC9874 /* SceneDelegate.swift in Sources */ = {isa = PBXBuildFile; fileRef = 49CD3B6D24C5F34E00AC9874 /* SceneDelegate.swift */; };
		49CD3B7024C5F34E00AC9874 /* ViewController.swift in Sources */ = {isa = PBXBuildFile; fileRef = 49CD3B6F24C5F34E00AC9874 /* ViewController.swift */; };
		49CD3B7324C5F34E00AC9874 /* Main.storyboard in Resources */ = {isa = PBXBuildFile; fileRef = 49CD3B7124C5F34E00AC9874 /* Main.storyboard */; };
		49CD3B7524C5F35300AC9874 /* Assets.xcassets in Resources */ = {isa = PBXBuildFile; fileRef = 49CD3B7424C5F35300AC9874 /* Assets.xcassets */; };
		49CD3B7824C5F35300AC9874 /* LaunchScreen.storyboard in Resources */ = {isa = PBXBuildFile; fileRef = 49CD3B7624C5F35300AC9874 /* LaunchScreen.storyboard */; };
		49CD3B8024C5FC1700AC9874 /* NetworkDataFetcher.swift in Sources */ = {isa = PBXBuildFile; fileRef = 49CD3B7F24C5FC1700AC9874 /* NetworkDataFetcher.swift */; };
		49CD3B8324C6151C00AC9874 /* NetworkService.swift in Sources */ = {isa = PBXBuildFile; fileRef = 49CD3B8224C6151C00AC9874 /* NetworkService.swift */; };
		49CD3B8724C621A100AC9874 /* Errors.swift in Sources */ = {isa = PBXBuildFile; fileRef = 49CD3B8624C621A100AC9874 /* Errors.swift */; };
		49CD3B8924C624B700AC9874 /* API.swift in Sources */ = {isa = PBXBuildFile; fileRef = 49CD3B8824C624B700AC9874 /* API.swift */; };
		49CD3B8B24C6258100AC9874 /* Constants.swift in Sources */ = {isa = PBXBuildFile; fileRef = 49CD3B8A24C6258100AC9874 /* Constants.swift */; };
		49CD3B8E24C62CCE00AC9874 /* Photo.swift in Sources */ = {isa = PBXBuildFile; fileRef = 49CD3B8D24C62CCE00AC9874 /* Photo.swift */; };
		49CD3B9024C62CE800AC9874 /* Urls.swift in Sources */ = {isa = PBXBuildFile; fileRef = 49CD3B8F24C62CE800AC9874 /* Urls.swift */; };
		49CD3B9324C62E0000AC9874 /* UIViewController + Extension.swift in Sources */ = {isa = PBXBuildFile; fileRef = 49CD3B9224C62E0000AC9874 /* UIViewController + Extension.swift */; };
		49CD3B9824C6316F00AC9874 /* ImageCollectionViewCell.swift in Sources */ = {isa = PBXBuildFile; fileRef = 49CD3B9624C6316F00AC9874 /* ImageCollectionViewCell.swift */; };
		49CD3B9924C6316F00AC9874 /* ImageCollectionViewCell.xib in Resources */ = {isa = PBXBuildFile; fileRef = 49CD3B9724C6316F00AC9874 /* ImageCollectionViewCell.xib */; };
/* End PBXBuildFile section */

/* Begin PBXFileReference section */
		497107FD24C6C5E10081A436 /* UIImageView + Extension.swift */ = {isa = PBXFileReference; lastKnownFileType = sourcecode.swift; path = "UIImageView + Extension.swift"; sourceTree = "<group>"; };
		497107FF24C6D7F10081A436 /* SearchResults.swift */ = {isa = PBXFileReference; lastKnownFileType = sourcecode.swift; path = SearchResults.swift; sourceTree = "<group>"; };
		4971080524C6E7150081A436 /* MainViewModel.swift */ = {isa = PBXFileReference; lastKnownFileType = sourcecode.swift; path = MainViewModel.swift; sourceTree = "<group>"; };
		49C0014624C712CF00E2F4C4 /* FullScreenImageView.swift */ = {isa = PBXFileReference; lastKnownFileType = sourcecode.swift; path = FullScreenImageView.swift; sourceTree = "<group>"; };
		49CD3B6824C5F34E00AC9874 /* FreelyUsableImages.app */ = {isa = PBXFileReference; explicitFileType = wrapper.application; includeInIndex = 0; path = FreelyUsableImages.app; sourceTree = BUILT_PRODUCTS_DIR; };
		49CD3B6B24C5F34E00AC9874 /* AppDelegate.swift */ = {isa = PBXFileReference; lastKnownFileType = sourcecode.swift; path = AppDelegate.swift; sourceTree = "<group>"; };
		49CD3B6D24C5F34E00AC9874 /* SceneDelegate.swift */ = {isa = PBXFileReference; lastKnownFileType = sourcecode.swift; path = SceneDelegate.swift; sourceTree = "<group>"; };
		49CD3B6F24C5F34E00AC9874 /* ViewController.swift */ = {isa = PBXFileReference; lastKnownFileType = sourcecode.swift; path = ViewController.swift; sourceTree = "<group>"; };
		49CD3B7224C5F34E00AC9874 /* Base */ = {isa = PBXFileReference; lastKnownFileType = file.storyboard; name = Base; path = Base.lproj/Main.storyboard; sourceTree = "<group>"; };
		49CD3B7424C5F35300AC9874 /* Assets.xcassets */ = {isa = PBXFileReference; lastKnownFileType = folder.assetcatalog; path = Assets.xcassets; sourceTree = "<group>"; };
		49CD3B7724C5F35300AC9874 /* Base */ = {isa = PBXFileReference; lastKnownFileType = file.storyboard; name = Base; path = Base.lproj/LaunchScreen.storyboard; sourceTree = "<group>"; };
		49CD3B7924C5F35300AC9874 /* Info.plist */ = {isa = PBXFileReference; lastKnownFileType = text.plist.xml; path = Info.plist; sourceTree = "<group>"; };
		49CD3B7F24C5FC1700AC9874 /* NetworkDataFetcher.swift */ = {isa = PBXFileReference; lastKnownFileType = sourcecode.swift; path = NetworkDataFetcher.swift; sourceTree = "<group>"; };
		49CD3B8224C6151C00AC9874 /* NetworkService.swift */ = {isa = PBXFileReference; lastKnownFileType = sourcecode.swift; path = NetworkService.swift; sourceTree = "<group>"; };
		49CD3B8624C621A100AC9874 /* Errors.swift */ = {isa = PBXFileReference; lastKnownFileType = sourcecode.swift; path = Errors.swift; sourceTree = "<group>"; };
		49CD3B8824C624B700AC9874 /* API.swift */ = {isa = PBXFileReference; lastKnownFileType = sourcecode.swift; path = API.swift; sourceTree = "<group>"; };
		49CD3B8A24C6258100AC9874 /* Constants.swift */ = {isa = PBXFileReference; lastKnownFileType = sourcecode.swift; path = Constants.swift; sourceTree = "<group>"; };
		49CD3B8D24C62CCE00AC9874 /* Photo.swift */ = {isa = PBXFileReference; lastKnownFileType = sourcecode.swift; path = Photo.swift; sourceTree = "<group>"; };
		49CD3B8F24C62CE800AC9874 /* Urls.swift */ = {isa = PBXFileReference; lastKnownFileType = sourcecode.swift; path = Urls.swift; sourceTree = "<group>"; };
		49CD3B9224C62E0000AC9874 /* UIViewController + Extension.swift */ = {isa = PBXFileReference; lastKnownFileType = sourcecode.swift; path = "UIViewController + Extension.swift"; sourceTree = "<group>"; };
		49CD3B9624C6316F00AC9874 /* ImageCollectionViewCell.swift */ = {isa = PBXFileReference; lastKnownFileType = sourcecode.swift; name = ImageCollectionViewCell.swift; path = FreelyUsableImages/Models/ImageCollectionViewCell.swift; sourceTree = SOURCE_ROOT; };
		49CD3B9724C6316F00AC9874 /* ImageCollectionViewCell.xib */ = {isa = PBXFileReference; lastKnownFileType = file.xib; name = ImageCollectionViewCell.xib; path = FreelyUsableImages/Models/ImageCollectionViewCell.xib; sourceTree = SOURCE_ROOT; };
/* End PBXFileReference section */

/* Begin PBXFrameworksBuildPhase section */
		49CD3B6524C5F34E00AC9874 /* Frameworks */ = {
			isa = PBXFrameworksBuildPhase;
			buildActionMask = 2147483647;
			files = (
			);
			runOnlyForDeploymentPostprocessing = 0;
		};
/* End PBXFrameworksBuildPhase section */

/* Begin PBXGroup section */
		49BFC3FA24C71AE600900F9F /* Views */ = {
			isa = PBXGroup;
			children = (
				49C0014624C712CF00E2F4C4 /* FullScreenImageView.swift */,
			);
			name = Views;
			sourceTree = "<group>";
		};
		49C0014024C7111A00E2F4C4 /* MainModule */ = {
			isa = PBXGroup;
			children = (
				49C0014124C7118000E2F4C4 /* Cells */,
				49BFC3FA24C71AE600900F9F /* Views */,
				4971080524C6E7150081A436 /* MainViewModel.swift */,
				49CD3B6F24C5F34E00AC9874 /* ViewController.swift */,
				49CD3B7124C5F34E00AC9874 /* Main.storyboard */,
			);
			name = MainModule;
			sourceTree = "<group>";
		};
		49C0014124C7118000E2F4C4 /* Cells */ = {
			isa = PBXGroup;
			children = (
				49CD3B9A24C6317400AC9874 /* ImageCollectionViewCell */,
			);
			name = Cells;
			sourceTree = "<group>";
		};
		49CD3B5F24C5F34E00AC9874 = {
			isa = PBXGroup;
			children = (
				49CD3B6A24C5F34E00AC9874 /* FreelyUsableImages */,
				49CD3B6924C5F34E00AC9874 /* Products */,
			);
			sourceTree = "<group>";
		};
		49CD3B6924C5F34E00AC9874 /* Products */ = {
			isa = PBXGroup;
			children = (
				49CD3B6824C5F34E00AC9874 /* FreelyUsableImages.app */,
			);
			name = Products;
			sourceTree = "<group>";
		};
		49CD3B6A24C5F34E00AC9874 /* FreelyUsableImages */ = {
			isa = PBXGroup;
			children = (
				49CD3B6B24C5F34E00AC9874 /* AppDelegate.swift */,
				49CD3B6D24C5F34E00AC9874 /* SceneDelegate.swift */,
				49C0014024C7111A00E2F4C4 /* MainModule */,
				49CD3B8C24C62CC100AC9874 /* Models */,
				49CD3B8124C614EF00AC9874 /* Services */,
				49CD3B8424C6218200AC9874 /* Helpers */,
				49CD3B9124C62DD500AC9874 /* Extension */,
				49CD3B8A24C6258100AC9874 /* Constants.swift */,
				49CD3B7424C5F35300AC9874 /* Assets.xcassets */,
				49CD3B7624C5F35300AC9874 /* LaunchScreen.storyboard */,
				49CD3B7924C5F35300AC9874 /* Info.plist */,
			);
			path = FreelyUsableImages;
			sourceTree = "<group>";
		};
		49CD3B8124C614EF00AC9874 /* Services */ = {
			isa = PBXGroup;
			children = (
				49CD3B8224C6151C00AC9874 /* NetworkService.swift */,
				49CD3B7F24C5FC1700AC9874 /* NetworkDataFetcher.swift */,
				49CD3B8824C624B700AC9874 /* API.swift */,
			);
			path = Services;
			sourceTree = "<group>";
		};
		49CD3B8424C6218200AC9874 /* Helpers */ = {
			isa = PBXGroup;
			children = (
				49CD3B8624C621A100AC9874 /* Errors.swift */,
			);
			path = Helpers;
			sourceTree = "<group>";
		};
		49CD3B8C24C62CC100AC9874 /* Models */ = {
			isa = PBXGroup;
			children = (
				49CD3B8D24C62CCE00AC9874 /* Photo.swift */,
				49CD3B8F24C62CE800AC9874 /* Urls.swift */,
				497107FF24C6D7F10081A436 /* SearchResults.swift */,
			);
			path = Models;
			sourceTree = "<group>";
		};
		49CD3B9124C62DD500AC9874 /* Extension */ = {
			isa = PBXGroup;
			children = (
				49CD3B9224C62E0000AC9874 /* UIViewController + Extension.swift */,
				497107FD24C6C5E10081A436 /* UIImageView + Extension.swift */,
			);
			path = Extension;
			sourceTree = "<group>";
		};
		49CD3B9A24C6317400AC9874 /* ImageCollectionViewCell */ = {
			isa = PBXGroup;
			children = (
				49CD3B9724C6316F00AC9874 /* ImageCollectionViewCell.xib */,
				49CD3B9624C6316F00AC9874 /* ImageCollectionViewCell.swift */,
			);
			name = ImageCollectionViewCell;
			path = Models;
			sourceTree = "<group>";
		};
/* End PBXGroup section */

/* Begin PBXNativeTarget section */
		49CD3B6724C5F34E00AC9874 /* FreelyUsableImages */ = {
			isa = PBXNativeTarget;
			buildConfigurationList = 49CD3B7C24C5F35300AC9874 /* Build configuration list for PBXNativeTarget "FreelyUsableImages" */;
			buildPhases = (
				49CD3B6424C5F34E00AC9874 /* Sources */,
				49CD3B6524C5F34E00AC9874 /* Frameworks */,
				49CD3B6624C5F34E00AC9874 /* Resources */,
			);
			buildRules = (
			);
			dependencies = (
			);
			name = FreelyUsableImages;
			productName = FreelyUsableImages;
			productReference = 49CD3B6824C5F34E00AC9874 /* FreelyUsableImages.app */;
			productType = "com.apple.product-type.application";
		};
/* End PBXNativeTarget section */

/* Begin PBXProject section */
		49CD3B6024C5F34E00AC9874 /* Project object */ = {
			isa = PBXProject;
			attributes = {
				LastSwiftUpdateCheck = 1160;
				LastUpgradeCheck = 1160;
				ORGANIZATIONNAME = "Evgeniy Opryshko";
				TargetAttributes = {
					49CD3B6724C5F34E00AC9874 = {
						CreatedOnToolsVersion = 11.6;
					};
				};
			};
			buildConfigurationList = 49CD3B6324C5F34E00AC9874 /* Build configuration list for PBXProject "FreelyUsableImages" */;
			compatibilityVersion = "Xcode 9.3";
			developmentRegion = en;
			hasScannedForEncodings = 0;
			knownRegions = (
				en,
				Base,
			);
			mainGroup = 49CD3B5F24C5F34E00AC9874;
			productRefGroup = 49CD3B6924C5F34E00AC9874 /* Products */;
			projectDirPath = "";
			projectRoot = "";
			targets = (
				49CD3B6724C5F34E00AC9874 /* FreelyUsableImages */,
			);
		};
/* End PBXProject section */

/* Begin PBXResourcesBuildPhase section */
		49CD3B6624C5F34E00AC9874 /* Resources */ = {
			isa = PBXResourcesBuildPhase;
			buildActionMask = 2147483647;
			files = (
				49CD3B7824C5F35300AC9874 /* LaunchScreen.storyboard in Resources */,
				49CD3B7524C5F35300AC9874 /* Assets.xcassets in Resources */,
				49CD3B9924C6316F00AC9874 /* ImageCollectionViewCell.xib in Resources */,
				49CD3B7324C5F34E00AC9874 /* Main.storyboard in Resources */,
			);
			runOnlyForDeploymentPostprocessing = 0;
		};
/* End PBXResourcesBuildPhase section */

/* Begin PBXSourcesBuildPhase section */
		49CD3B6424C5F34E00AC9874 /* Sources */ = {
			isa = PBXSourcesBuildPhase;
			buildActionMask = 2147483647;
			files = (
				497107FE24C6C5E10081A436 /* UIImageView + Extension.swift in Sources */,
				49CD3B8324C6151C00AC9874 /* NetworkService.swift in Sources */,
				49CD3B7024C5F34E00AC9874 /* ViewController.swift in Sources */,
				49CD3B9824C6316F00AC9874 /* ImageCollectionViewCell.swift in Sources */,
				4971080024C6D7F10081A436 /* SearchResults.swift in Sources */,
				49CD3B6C24C5F34E00AC9874 /* AppDelegate.swift in Sources */,
				49CD3B8E24C62CCE00AC9874 /* Photo.swift in Sources */,
				4971080624C6E7150081A436 /* MainViewModel.swift in Sources */,
				49C0014724C712CF00E2F4C4 /* FullScreenImageView.swift in Sources */,
				49CD3B8024C5FC1700AC9874 /* NetworkDataFetcher.swift in Sources */,
				49CD3B8724C621A100AC9874 /* Errors.swift in Sources */,
				49CD3B6E24C5F34E00AC9874 /* SceneDelegate.swift in Sources */,
				49CD3B8924C624B700AC9874 /* API.swift in Sources */,
				49CD3B9324C62E0000AC9874 /* UIViewController + Extension.swift in Sources */,
				49CD3B8B24C6258100AC9874 /* Constants.swift in Sources */,
				49CD3B9024C62CE800AC9874 /* Urls.swift in Sources */,
			);
			runOnlyForDeploymentPostprocessing = 0;
		};
/* End PBXSourcesBuildPhase section */

/* Begin PBXVariantGroup section */
		49CD3B7124C5F34E00AC9874 /* Main.storyboard */ = {
			isa = PBXVariantGroup;
			children = (
				49CD3B7224C5F34E00AC9874 /* Base */,
			);
			name = Main.storyboard;
			sourceTree = "<group>";
		};
		49CD3B7624C5F35300AC9874 /* LaunchScreen.storyboard */ = {
			isa = PBXVariantGroup;
			children = (
				49CD3B7724C5F35300AC9874 /* Base */,
			);
			name = LaunchScreen.storyboard;
			sourceTree = "<group>";
		};
/* End PBXVariantGroup section */

/* Begin XCBuildConfiguration section */
		49CD3B7A24C5F35300AC9874 /* Debug */ = {
			isa = XCBuildConfiguration;
			buildSettings = {
				ALWAYS_SEARCH_USER_PATHS = NO;
				CLANG_ANALYZER_NONNULL = YES;
				CLANG_ANALYZER_NUMBER_OBJECT_CONVERSION = YES_AGGRESSIVE;
				CLANG_CXX_LANGUAGE_STANDARD = "gnu++14";
				CLANG_CXX_LIBRARY = "libc++";
				CLANG_ENABLE_MODULES = YES;
				CLANG_ENABLE_OBJC_ARC = YES;
				CLANG_ENABLE_OBJC_WEAK = YES;
				CLANG_WARN_BLOCK_CAPTURE_AUTORELEASING = YES;
				CLANG_WARN_BOOL_CONVERSION = YES;
				CLANG_WARN_COMMA = YES;
				CLANG_WARN_CONSTANT_CONVERSION = YES;
				CLANG_WARN_DEPRECATED_OBJC_IMPLEMENTATIONS = YES;
				CLANG_WARN_DIRECT_OBJC_ISA_USAGE = YES_ERROR;
				CLANG_WARN_DOCUMENTATION_COMMENTS = YES;
				CLANG_WARN_EMPTY_BODY = YES;
				CLANG_WARN_ENUM_CONVERSION = YES;
				CLANG_WARN_INFINITE_RECURSION = YES;
				CLANG_WARN_INT_CONVERSION = YES;
				CLANG_WARN_NON_LITERAL_NULL_CONVERSION = YES;
				CLANG_WARN_OBJC_IMPLICIT_RETAIN_SELF = YES;
				CLANG_WARN_OBJC_LITERAL_CONVERSION = YES;
				CLANG_WARN_OBJC_ROOT_CLASS = YES_ERROR;
				CLANG_WARN_RANGE_LOOP_ANALYSIS = YES;
				CLANG_WARN_STRICT_PROTOTYPES = YES;
				CLANG_WARN_SUSPICIOUS_MOVE = YES;
				CLANG_WARN_UNGUARDED_AVAILABILITY = YES_AGGRESSIVE;
				CLANG_WARN_UNREACHABLE_CODE = YES;
				CLANG_WARN__DUPLICATE_METHOD_MATCH = YES;
				COPY_PHASE_STRIP = NO;
				DEBUG_INFORMATION_FORMAT = dwarf;
				ENABLE_STRICT_OBJC_MSGSEND = YES;
				ENABLE_TESTABILITY = YES;
				GCC_C_LANGUAGE_STANDARD = gnu11;
				GCC_DYNAMIC_NO_PIC = NO;
				GCC_NO_COMMON_BLOCKS = YES;
				GCC_OPTIMIZATION_LEVEL = 0;
				GCC_PREPROCESSOR_DEFINITIONS = (
					"DEBUG=1",
					"$(inherited)",
				);
				GCC_WARN_64_TO_32_BIT_CONVERSION = YES;
				GCC_WARN_ABOUT_RETURN_TYPE = YES_ERROR;
				GCC_WARN_UNDECLARED_SELECTOR = YES;
				GCC_WARN_UNINITIALIZED_AUTOS = YES_AGGRESSIVE;
				GCC_WARN_UNUSED_FUNCTION = YES;
				GCC_WARN_UNUSED_VARIABLE = YES;
				IPHONEOS_DEPLOYMENT_TARGET = 13.6;
				MTL_ENABLE_DEBUG_INFO = INCLUDE_SOURCE;
				MTL_FAST_MATH = YES;
				ONLY_ACTIVE_ARCH = YES;
				SDKROOT = iphoneos;
				SWIFT_ACTIVE_COMPILATION_CONDITIONS = DEBUG;
				SWIFT_OPTIMIZATION_LEVEL = "-Onone";
			};
			name = Debug;
		};
		49CD3B7B24C5F35300AC9874 /* Release */ = {
			isa = XCBuildConfiguration;
			buildSettings = {
				ALWAYS_SEARCH_USER_PATHS = NO;
				CLANG_ANALYZER_NONNULL = YES;
				CLANG_ANALYZER_NUMBER_OBJECT_CONVERSION = YES_AGGRESSIVE;
				CLANG_CXX_LANGUAGE_STANDARD = "gnu++14";
				CLANG_CXX_LIBRARY = "libc++";
				CLANG_ENABLE_MODULES = YES;
				CLANG_ENABLE_OBJC_ARC = YES;
				CLANG_ENABLE_OBJC_WEAK = YES;
				CLANG_WARN_BLOCK_CAPTURE_AUTORELEASING = YES;
				CLANG_WARN_BOOL_CONVERSION = YES;
				CLANG_WARN_COMMA = YES;
				CLANG_WARN_CONSTANT_CONVERSION = YES;
				CLANG_WARN_DEPRECATED_OBJC_IMPLEMENTATIONS = YES;
				CLANG_WARN_DIRECT_OBJC_ISA_USAGE = YES_ERROR;
				CLANG_WARN_DOCUMENTATION_COMMENTS = YES;
				CLANG_WARN_EMPTY_BODY = YES;
				CLANG_WARN_ENUM_CONVERSION = YES;
				CLANG_WARN_INFINITE_RECURSION = YES;
				CLANG_WARN_INT_CONVERSION = YES;
				CLANG_WARN_NON_LITERAL_NULL_CONVERSION = YES;
				CLANG_WARN_OBJC_IMPLICIT_RETAIN_SELF = YES;
				CLANG_WARN_OBJC_LITERAL_CONVERSION = YES;
				CLANG_WARN_OBJC_ROOT_CLASS = YES_ERROR;
				CLANG_WARN_RANGE_LOOP_ANALYSIS = YES;
				CLANG_WARN_STRICT_PROTOTYPES = YES;
				CLANG_WARN_SUSPICIOUS_MOVE = YES;
				CLANG_WARN_UNGUARDED_AVAILABILITY = YES_AGGRESSIVE;
				CLANG_WARN_UNREACHABLE_CODE = YES;
				CLANG_WARN__DUPLICATE_METHOD_MATCH = YES;
				COPY_PHASE_STRIP = NO;
				DEBUG_INFORMATION_FORMAT = "dwarf-with-dsym";
				ENABLE_NS_ASSERTIONS = NO;
				ENABLE_STRICT_OBJC_MSGSEND = YES;
				GCC_C_LANGUAGE_STANDARD = gnu11;
				GCC_NO_COMMON_BLOCKS = YES;
				GCC_WARN_64_TO_32_BIT_CONVERSION = YES;
				GCC_WARN_ABOUT_RETURN_TYPE = YES_ERROR;
				GCC_WARN_UNDECLARED_SELECTOR = YES;
				GCC_WARN_UNINITIALIZED_AUTOS = YES_AGGRESSIVE;
				GCC_WARN_UNUSED_FUNCTION = YES;
				GCC_WARN_UNUSED_VARIABLE = YES;
				IPHONEOS_DEPLOYMENT_TARGET = 13.6;
				MTL_ENABLE_DEBUG_INFO = NO;
				MTL_FAST_MATH = YES;
				SDKROOT = iphoneos;
				SWIFT_COMPILATION_MODE = wholemodule;
				SWIFT_OPTIMIZATION_LEVEL = "-O";
				VALIDATE_PRODUCT = YES;
			};
			name = Release;
		};
		49CD3B7D24C5F35300AC9874 /* Debug */ = {
			isa = XCBuildConfiguration;
			buildSettings = {
				ASSETCATALOG_COMPILER_APPICON_NAME = AppIcon;
				CODE_SIGN_STYLE = Automatic;
				DEVELOPMENT_TEAM = T43MEX2BM7;
				INFOPLIST_FILE = FreelyUsableImages/Info.plist;
				IPHONEOS_DEPLOYMENT_TARGET = 13.6;
				LD_RUNPATH_SEARCH_PATHS = (
					"$(inherited)",
					"@executable_path/Frameworks",
				);
				PRODUCT_BUNDLE_IDENTIFIER = com.opr.FreelyUsableImages;
				PRODUCT_NAME = "$(TARGET_NAME)";
				SWIFT_VERSION = 5.0;
				TARGETED_DEVICE_FAMILY = "1,2";
			};
			name = Debug;
		};
		49CD3B7E24C5F35300AC9874 /* Release */ = {
			isa = XCBuildConfiguration;
			buildSettings = {
				ASSETCATALOG_COMPILER_APPICON_NAME = AppIcon;
				CODE_SIGN_STYLE = Automatic;
				DEVELOPMENT_TEAM = T43MEX2BM7;
				INFOPLIST_FILE = FreelyUsableImages/Info.plist;
				IPHONEOS_DEPLOYMENT_TARGET = 13.6;
				LD_RUNPATH_SEARCH_PATHS = (
					"$(inherited)",
					"@executable_path/Frameworks",
				);
				PRODUCT_BUNDLE_IDENTIFIER = com.opr.FreelyUsableImages;
				PRODUCT_NAME = "$(TARGET_NAME)";
				SWIFT_VERSION = 5.0;
				TARGETED_DEVICE_FAMILY = "1,2";
			};
			name = Release;
		};
/* End XCBuildConfiguration section */

/* Begin XCConfigurationList section */
		49CD3B6324C5F34E00AC9874 /* Build configuration list for PBXProject "FreelyUsableImages" */ = {
			isa = XCConfigurationList;
			buildConfigurations = (
				49CD3B7A24C5F35300AC9874 /* Debug */,
				49CD3B7B24C5F35300AC9874 /* Release */,
			);
			defaultConfigurationIsVisible = 0;
			defaultConfigurationName = Release;
		};
		49CD3B7C24C5F35300AC9874 /* Build configuration list for PBXNativeTarget "FreelyUsableImages" */ = {
			isa = XCConfigurationList;
			buildConfigurations = (
				49CD3B7D24C5F35300AC9874 /* Debug */,
				49CD3B7E24C5F35300AC9874 /* Release */,
			);
			defaultConfigurationIsVisible = 0;
			defaultConfigurationName = Release;
		};
/* End XCConfigurationList section */
	};
	rootObject = 49CD3B6024C5F34E00AC9874 /* Project object */;
}
